
Microsoft Visual Studio Solution File, Format Version 12.00
# Visual Studio Version 16
VisualStudioVersion = 16.0.29728.190
MinimumVisualStudioVersion = 10.0.40219.1
Project("{9A19103F-16F7-4668-BE54-9A1E7A4F7556}") = "UTTAF.Desktop", "UTTAF.Desktop\UTTAF.Desktop.csproj", "{EA8C6F46-241F-4859-9FC4-325A0E0C980E}"
EndProject
Project("{9A19103F-16F7-4668-BE54-9A1E7A4F7556}") = "UTTAF.Dependencies", "UTTAF.Dependencies\UTTAF.Dependencies.csproj", "{F593849A-69A8-48D7-A081-F18619D7CF12}"
EndProject
Project("{9A19103F-16F7-4668-BE54-9A1E7A4F7556}") = "UTTAF.API", "UTTAF.API\UTTAF.API.csproj", "{A6A0A1BB-4AEB-413B-967A-D9B293687FA1}"
EndProject
Project("{9A19103F-16F7-4668-BE54-9A1E7A4F7556}") = "UTTAF.Dependencies.Clients", "UTTAF.Dependencies.Client\UTTAF.Dependencies.Clients.csproj", "{0EA4E88C-9B62-4EEC-926C-F260A544A5CC}"
EndProject
Project("{FAE04EC0-301F-11D3-BF4B-00C04F79EFBC}") = "UTTAF.Mobile.UWP", "UTTAF.Mobile\UTTAF.Mobile.UWP\UTTAF.Mobile.UWP.csproj", "{95677B54-66FD-43A2-A62A-6A9E5331FC20}"
EndProject
Project("{FAE04EC0-301F-11D3-BF4B-00C04F79EFBC}") = "UTTAF.Mobile.Android", "UTTAF.Mobile\UTTAF.Mobile.Android\UTTAF.Mobile.Android.csproj", "{92F3A017-923A-420B-8238-9664501250CE}"
EndProject
Project("{FAE04EC0-301F-11D3-BF4B-00C04F79EFBC}") = "UTTAF.Mobile.iOS", "UTTAF.Mobile\UTTAF.Mobile.iOS\UTTAF.Mobile.iOS.csproj", "{E4C9B09A-B5EB-4757-9891-C2710CCB74FB}"
EndProject
Project("{9A19103F-16F7-4668-BE54-9A1E7A4F7556}") = "UTTAF.Mobile", "UTTAF.Mobile\UTTAF.Mobile\UTTAF.Mobile.csproj", "{03794053-8D38-45F9-BB12-19333D443FE3}"
EndProject
Project("{2150E333-8FDC-42A3-9474-1A3956D46DE8}") = "Mobile Compile", "Mobile Compile", "{39C12C4F-0C9A-4DFF-B978-403B8D7DA003}"
EndProject
Global
	GlobalSection(SolutionConfigurationPlatforms) = preSolution
		Debug|Any CPU = Debug|Any CPU
		Debug|ARM = Debug|ARM
		Debug|ARM64 = Debug|ARM64
		Debug|iPhone = Debug|iPhone
		Debug|iPhoneSimulator = Debug|iPhoneSimulator
		Debug|x64 = Debug|x64
		Debug|x86 = Debug|x86
		Release|Any CPU = Release|Any CPU
		Release|ARM = Release|ARM
		Release|ARM64 = Release|ARM64
		Release|iPhone = Release|iPhone
		Release|iPhoneSimulator = Release|iPhoneSimulator
		Release|x64 = Release|x64
		Release|x86 = Release|x86
	EndGlobalSection
	GlobalSection(ProjectConfigurationPlatforms) = postSolution
		{EA8C6F46-241F-4859-9FC4-325A0E0C980E}.Debug|Any CPU.ActiveCfg = Debug|Any CPU
		{EA8C6F46-241F-4859-9FC4-325A0E0C980E}.Debug|Any CPU.Build.0 = Debug|Any CPU
		{EA8C6F46-241F-4859-9FC4-325A0E0C980E}.Debug|ARM.ActiveCfg = Debug|Any CPU
		{EA8C6F46-241F-4859-9FC4-325A0E0C980E}.Debug|ARM.Build.0 = Debug|Any CPU
		{EA8C6F46-241F-4859-9FC4-325A0E0C980E}.Debug|ARM64.ActiveCfg = Debug|Any CPU
		{EA8C6F46-241F-4859-9FC4-325A0E0C980E}.Debug|ARM64.Build.0 = Debug|Any CPU
		{EA8C6F46-241F-4859-9FC4-325A0E0C980E}.Debug|iPhone.ActiveCfg = Debug|Any CPU
		{EA8C6F46-241F-4859-9FC4-325A0E0C980E}.Debug|iPhone.Build.0 = Debug|Any CPU
		{EA8C6F46-241F-4859-9FC4-325A0E0C980E}.Debug|iPhoneSimulator.ActiveCfg = Debug|Any CPU
		{EA8C6F46-241F-4859-9FC4-325A0E0C980E}.Debug|iPhoneSimulator.Build.0 = Debug|Any CPU
		{EA8C6F46-241F-4859-9FC4-325A0E0C980E}.Debug|x64.ActiveCfg = Debug|x64
		{EA8C6F46-241F-4859-9FC4-325A0E0C980E}.Debug|x64.Build.0 = Debug|x64
		{EA8C6F46-241F-4859-9FC4-325A0E0C980E}.Debug|x86.ActiveCfg = Debug|Any CPU
		{EA8C6F46-241F-4859-9FC4-325A0E0C980E}.Debug|x86.Build.0 = Debug|Any CPU
		{EA8C6F46-241F-4859-9FC4-325A0E0C980E}.Release|Any CPU.ActiveCfg = Release|Any CPU
		{EA8C6F46-241F-4859-9FC4-325A0E0C980E}.Release|Any CPU.Build.0 = Release|Any CPU
		{EA8C6F46-241F-4859-9FC4-325A0E0C980E}.Release|ARM.ActiveCfg = Release|Any CPU
		{EA8C6F46-241F-4859-9FC4-325A0E0C980E}.Release|ARM.Build.0 = Release|Any CPU
		{EA8C6F46-241F-4859-9FC4-325A0E0C980E}.Release|ARM64.ActiveCfg = Release|Any CPU
		{EA8C6F46-241F-4859-9FC4-325A0E0C980E}.Release|ARM64.Build.0 = Release|Any CPU
		{EA8C6F46-241F-4859-9FC4-325A0E0C980E}.Release|iPhone.ActiveCfg = Release|Any CPU
		{EA8C6F46-241F-4859-9FC4-325A0E0C980E}.Release|iPhone.Build.0 = Release|Any CPU
		{EA8C6F46-241F-4859-9FC4-325A0E0C980E}.Release|iPhoneSimulator.ActiveCfg = Release|Any CPU
		{EA8C6F46-241F-4859-9FC4-325A0E0C980E}.Release|iPhoneSimulator.Build.0 = Release|Any CPU
		{EA8C6F46-241F-4859-9FC4-325A0E0C980E}.Release|x64.ActiveCfg = Release|x64
		{EA8C6F46-241F-4859-9FC4-325A0E0C980E}.Release|x64.Build.0 = Release|x64
		{EA8C6F46-241F-4859-9FC4-325A0E0C980E}.Release|x86.ActiveCfg = Release|Any CPU
		{EA8C6F46-241F-4859-9FC4-325A0E0C980E}.Release|x86.Build.0 = Release|Any CPU
		{F593849A-69A8-48D7-A081-F18619D7CF12}.Debug|Any CPU.ActiveCfg = Debug|Any CPU
		{F593849A-69A8-48D7-A081-F18619D7CF12}.Debug|Any CPU.Build.0 = Debug|Any CPU
		{F593849A-69A8-48D7-A081-F18619D7CF12}.Debug|ARM.ActiveCfg = Debug|Any CPU
		{F593849A-69A8-48D7-A081-F18619D7CF12}.Debug|ARM.Build.0 = Debug|Any CPU
		{F593849A-69A8-48D7-A081-F18619D7CF12}.Debug|ARM64.ActiveCfg = Debug|Any CPU
		{F593849A-69A8-48D7-A081-F18619D7CF12}.Debug|ARM64.Build.0 = Debug|Any CPU
		{F593849A-69A8-48D7-A081-F18619D7CF12}.Debug|iPhone.ActiveCfg = Debug|Any CPU
		{F593849A-69A8-48D7-A081-F18619D7CF12}.Debug|iPhone.Build.0 = Debug|Any CPU
		{F593849A-69A8-48D7-A081-F18619D7CF12}.Debug|iPhoneSimulator.ActiveCfg = Debug|Any CPU
		{F593849A-69A8-48D7-A081-F18619D7CF12}.Debug|iPhoneSimulator.Build.0 = Debug|Any CPU
		{F593849A-69A8-48D7-A081-F18619D7CF12}.Debug|x64.ActiveCfg = Debug|Any CPU
		{F593849A-69A8-48D7-A081-F18619D7CF12}.Debug|x64.Build.0 = Debug|Any CPU
		{F593849A-69A8-48D7-A081-F18619D7CF12}.Debug|x86.ActiveCfg = Debug|Any CPU
		{F593849A-69A8-48D7-A081-F18619D7CF12}.Debug|x86.Build.0 = Debug|Any CPU
		{F593849A-69A8-48D7-A081-F18619D7CF12}.Release|Any CPU.ActiveCfg = Release|Any CPU
		{F593849A-69A8-48D7-A081-F18619D7CF12}.Release|Any CPU.Build.0 = Release|Any CPU
		{F593849A-69A8-48D7-A081-F18619D7CF12}.Release|ARM.ActiveCfg = Release|Any CPU
		{F593849A-69A8-48D7-A081-F18619D7CF12}.Release|ARM.Build.0 = Release|Any CPU
		{F593849A-69A8-48D7-A081-F18619D7CF12}.Release|ARM64.ActiveCfg = Release|Any CPU
		{F593849A-69A8-48D7-A081-F18619D7CF12}.Release|ARM64.Build.0 = Release|Any CPU
		{F593849A-69A8-48D7-A081-F18619D7CF12}.Release|iPhone.ActiveCfg = Release|Any CPU
		{F593849A-69A8-48D7-A081-F18619D7CF12}.Release|iPhone.Build.0 = Release|Any CPU
		{F593849A-69A8-48D7-A081-F18619D7CF12}.Release|iPhoneSimulator.ActiveCfg = Release|Any CPU
		{F593849A-69A8-48D7-A081-F18619D7CF12}.Release|iPhoneSimulator.Build.0 = Release|Any CPU
		{F593849A-69A8-48D7-A081-F18619D7CF12}.Release|x64.ActiveCfg = Release|Any CPU
		{F593849A-69A8-48D7-A081-F18619D7CF12}.Release|x64.Build.0 = Release|Any CPU
		{F593849A-69A8-48D7-A081-F18619D7CF12}.Release|x86.ActiveCfg = Release|Any CPU
		{F593849A-69A8-48D7-A081-F18619D7CF12}.Release|x86.Build.0 = Release|Any CPU
		{A6A0A1BB-4AEB-413B-967A-D9B293687FA1}.Debug|Any CPU.ActiveCfg = Debug|Any CPU
		{A6A0A1BB-4AEB-413B-967A-D9B293687FA1}.Debug|Any CPU.Build.0 = Debug|Any CPU
		{A6A0A1BB-4AEB-413B-967A-D9B293687FA1}.Debug|ARM.ActiveCfg = Debug|Any CPU
		{A6A0A1BB-4AEB-413B-967A-D9B293687FA1}.Debug|ARM.Build.0 = Debug|Any CPU
		{A6A0A1BB-4AEB-413B-967A-D9B293687FA1}.Debug|ARM64.ActiveCfg = Debug|Any CPU
		{A6A0A1BB-4AEB-413B-967A-D9B293687FA1}.Debug|ARM64.Build.0 = Debug|Any CPU
		{A6A0A1BB-4AEB-413B-967A-D9B293687FA1}.Debug|iPhone.ActiveCfg = Debug|Any CPU
		{A6A0A1BB-4AEB-413B-967A-D9B293687FA1}.Debug|iPhone.Build.0 = Debug|Any CPU
		{A6A0A1BB-4AEB-413B-967A-D9B293687FA1}.Debug|iPhoneSimulator.ActiveCfg = Debug|Any CPU
		{A6A0A1BB-4AEB-413B-967A-D9B293687FA1}.Debug|iPhoneSimulator.Build.0 = Debug|Any CPU
		{A6A0A1BB-4AEB-413B-967A-D9B293687FA1}.Debug|x64.ActiveCfg = Debug|Any CPU
		{A6A0A1BB-4AEB-413B-967A-D9B293687FA1}.Debug|x64.Build.0 = Debug|Any CPU
		{A6A0A1BB-4AEB-413B-967A-D9B293687FA1}.Debug|x86.ActiveCfg = Debug|Any CPU
		{A6A0A1BB-4AEB-413B-967A-D9B293687FA1}.Debug|x86.Build.0 = Debug|Any CPU
		{A6A0A1BB-4AEB-413B-967A-D9B293687FA1}.Release|Any CPU.ActiveCfg = Release|Any CPU
		{A6A0A1BB-4AEB-413B-967A-D9B293687FA1}.Release|Any CPU.Build.0 = Release|Any CPU
		{A6A0A1BB-4AEB-413B-967A-D9B293687FA1}.Release|ARM.ActiveCfg = Release|Any CPU
		{A6A0A1BB-4AEB-413B-967A-D9B293687FA1}.Release|ARM.Build.0 = Release|Any CPU
		{A6A0A1BB-4AEB-413B-967A-D9B293687FA1}.Release|ARM64.ActiveCfg = Release|Any CPU
		{A6A0A1BB-4AEB-413B-967A-D9B293687FA1}.Release|ARM64.Build.0 = Release|Any CPU
		{A6A0A1BB-4AEB-413B-967A-D9B293687FA1}.Release|iPhone.ActiveCfg = Release|Any CPU
		{A6A0A1BB-4AEB-413B-967A-D9B293687FA1}.Release|iPhone.Build.0 = Release|Any CPU
		{A6A0A1BB-4AEB-413B-967A-D9B293687FA1}.Release|iPhoneSimulator.ActiveCfg = Release|Any CPU
		{A6A0A1BB-4AEB-413B-967A-D9B293687FA1}.Release|iPhoneSimulator.Build.0 = Release|Any CPU
		{A6A0A1BB-4AEB-413B-967A-D9B293687FA1}.Release|x64.ActiveCfg = Release|Any CPU
		{A6A0A1BB-4AEB-413B-967A-D9B293687FA1}.Release|x64.Build.0 = Release|Any CPU
		{A6A0A1BB-4AEB-413B-967A-D9B293687FA1}.Release|x86.ActiveCfg = Release|Any CPU
		{A6A0A1BB-4AEB-413B-967A-D9B293687FA1}.Release|x86.Build.0 = Release|Any CPU
		{0EA4E88C-9B62-4EEC-926C-F260A544A5CC}.Debug|Any CPU.ActiveCfg = Debug|Any CPU
		{0EA4E88C-9B62-4EEC-926C-F260A544A5CC}.Debug|Any CPU.Build.0 = Debug|Any CPU
		{0EA4E88C-9B62-4EEC-926C-F260A544A5CC}.Debug|ARM.ActiveCfg = Debug|Any CPU
		{0EA4E88C-9B62-4EEC-926C-F260A544A5CC}.Debug|ARM.Build.0 = Debug|Any CPU
		{0EA4E88C-9B62-4EEC-926C-F260A544A5CC}.Debug|ARM64.ActiveCfg = Debug|Any CPU
		{0EA4E88C-9B62-4EEC-926C-F260A544A5CC}.Debug|ARM64.Build.0 = Debug|Any CPU
		{0EA4E88C-9B62-4EEC-926C-F260A544A5CC}.Debug|iPhone.ActiveCfg = Debug|Any CPU
		{0EA4E88C-9B62-4EEC-926C-F260A544A5CC}.Debug|iPhone.Build.0 = Debug|Any CPU
		{0EA4E88C-9B62-4EEC-926C-F260A544A5CC}.Debug|iPhoneSimulator.ActiveCfg = Debug|Any CPU
		{0EA4E88C-9B62-4EEC-926C-F260A544A5CC}.Debug|iPhoneSimulator.Build.0 = Debug|Any CPU
		{0EA4E88C-9B62-4EEC-926C-F260A544A5CC}.Debug|x64.ActiveCfg = Debug|Any CPU
		{0EA4E88C-9B62-4EEC-926C-F260A544A5CC}.Debug|x64.Build.0 = Debug|Any CPU
		{0EA4E88C-9B62-4EEC-926C-F260A544A5CC}.Debug|x86.ActiveCfg = Debug|Any CPU
		{0EA4E88C-9B62-4EEC-926C-F260A544A5CC}.Debug|x86.Build.0 = Debug|Any CPU
		{0EA4E88C-9B62-4EEC-926C-F260A544A5CC}.Release|Any CPU.ActiveCfg = Release|Any CPU
		{0EA4E88C-9B62-4EEC-926C-F260A544A5CC}.Release|Any CPU.Build.0 = Release|Any CPU
		{0EA4E88C-9B62-4EEC-926C-F260A544A5CC}.Release|ARM.ActiveCfg = Release|Any CPU
		{0EA4E88C-9B62-4EEC-926C-F260A544A5CC}.Release|ARM.Build.0 = Release|Any CPU
		{0EA4E88C-9B62-4EEC-926C-F260A544A5CC}.Release|ARM64.ActiveCfg = Release|Any CPU
		{0EA4E88C-9B62-4EEC-926C-F260A544A5CC}.Release|ARM64.Build.0 = Release|Any CPU
		{0EA4E88C-9B62-4EEC-926C-F260A544A5CC}.Release|iPhone.ActiveCfg = Release|Any CPU
		{0EA4E88C-9B62-4EEC-926C-F260A544A5CC}.Release|iPhone.Build.0 = Release|Any CPU
		{0EA4E88C-9B62-4EEC-926C-F260A544A5CC}.Release|iPhoneSimulator.ActiveCfg = Release|Any CPU
		{0EA4E88C-9B62-4EEC-926C-F260A544A5CC}.Release|iPhoneSimulator.Build.0 = Release|Any CPU
		{0EA4E88C-9B62-4EEC-926C-F260A544A5CC}.Release|x64.ActiveCfg = Release|Any CPU
		{0EA4E88C-9B62-4EEC-926C-F260A544A5CC}.Release|x64.Build.0 = Release|Any CPU
		{0EA4E88C-9B62-4EEC-926C-F260A544A5CC}.Release|x86.ActiveCfg = Release|Any CPU
		{0EA4E88C-9B62-4EEC-926C-F260A544A5CC}.Release|x86.Build.0 = Release|Any CPU
		{95677B54-66FD-43A2-A62A-6A9E5331FC20}.Debug|Any CPU.ActiveCfg = Debug|x86
		{95677B54-66FD-43A2-A62A-6A9E5331FC20}.Debug|ARM.ActiveCfg = Debug|ARM
		{95677B54-66FD-43A2-A62A-6A9E5331FC20}.Debug|ARM.Build.0 = Debug|ARM
		{95677B54-66FD-43A2-A62A-6A9E5331FC20}.Debug|ARM.Deploy.0 = Debug|ARM
		{95677B54-66FD-43A2-A62A-6A9E5331FC20}.Debug|ARM64.ActiveCfg = Debug|x86
		{95677B54-66FD-43A2-A62A-6A9E5331FC20}.Debug|iPhone.ActiveCfg = Debug|x86
		{95677B54-66FD-43A2-A62A-6A9E5331FC20}.Debug|iPhoneSimulator.ActiveCfg = Debug|x86
		{95677B54-66FD-43A2-A62A-6A9E5331FC20}.Debug|x64.ActiveCfg = Debug|x64
		{95677B54-66FD-43A2-A62A-6A9E5331FC20}.Debug|x64.Build.0 = Debug|x64
		{95677B54-66FD-43A2-A62A-6A9E5331FC20}.Debug|x64.Deploy.0 = Debug|x64
		{95677B54-66FD-43A2-A62A-6A9E5331FC20}.Debug|x86.ActiveCfg = Debug|x86
		{95677B54-66FD-43A2-A62A-6A9E5331FC20}.Debug|x86.Build.0 = Debug|x86
		{95677B54-66FD-43A2-A62A-6A9E5331FC20}.Debug|x86.Deploy.0 = Debug|x86
		{95677B54-66FD-43A2-A62A-6A9E5331FC20}.Release|Any CPU.ActiveCfg = Release|x86
		{95677B54-66FD-43A2-A62A-6A9E5331FC20}.Release|ARM.ActiveCfg = Release|ARM
		{95677B54-66FD-43A2-A62A-6A9E5331FC20}.Release|ARM.Build.0 = Release|ARM
		{95677B54-66FD-43A2-A62A-6A9E5331FC20}.Release|ARM.Deploy.0 = Release|ARM
		{95677B54-66FD-43A2-A62A-6A9E5331FC20}.Release|ARM64.ActiveCfg = Release|x86
		{95677B54-66FD-43A2-A62A-6A9E5331FC20}.Release|iPhone.ActiveCfg = Release|x86
		{95677B54-66FD-43A2-A62A-6A9E5331FC20}.Release|iPhoneSimulator.ActiveCfg = Release|x86
		{95677B54-66FD-43A2-A62A-6A9E5331FC20}.Release|x64.ActiveCfg = Release|x64
		{95677B54-66FD-43A2-A62A-6A9E5331FC20}.Release|x64.Build.0 = Release|x64
		{95677B54-66FD-43A2-A62A-6A9E5331FC20}.Release|x64.Deploy.0 = Release|x64
		{95677B54-66FD-43A2-A62A-6A9E5331FC20}.Release|x86.ActiveCfg = Release|x86
		{95677B54-66FD-43A2-A62A-6A9E5331FC20}.Release|x86.Build.0 = Release|x86
		{95677B54-66FD-43A2-A62A-6A9E5331FC20}.Release|x86.Deploy.0 = Release|x86
		{92F3A017-923A-420B-8238-9664501250CE}.Debug|Any CPU.ActiveCfg = Debug|Any CPU
		{92F3A017-923A-420B-8238-9664501250CE}.Debug|Any CPU.Build.0 = Debug|Any CPU
		{92F3A017-923A-420B-8238-9664501250CE}.Debug|Any CPU.Deploy.0 = Debug|Any CPU
		{92F3A017-923A-420B-8238-9664501250CE}.Debug|ARM.ActiveCfg = Debug|Any CPU
		{92F3A017-923A-420B-8238-9664501250CE}.Debug|ARM.Build.0 = Debug|Any CPU
		{92F3A017-923A-420B-8238-9664501250CE}.Debug|ARM.Deploy.0 = Debug|Any CPU
		{92F3A017-923A-420B-8238-9664501250CE}.Debug|ARM64.ActiveCfg = Debug|Any CPU
		{92F3A017-923A-420B-8238-9664501250CE}.Debug|ARM64.Build.0 = Debug|Any CPU
		{92F3A017-923A-420B-8238-9664501250CE}.Debug|ARM64.Deploy.0 = Debug|Any CPU
		{92F3A017-923A-420B-8238-9664501250CE}.Debug|iPhone.ActiveCfg = Debug|Any CPU
		{92F3A017-923A-420B-8238-9664501250CE}.Debug|iPhone.Build.0 = Debug|Any CPU
		{92F3A017-923A-420B-8238-9664501250CE}.Debug|iPhone.Deploy.0 = Debug|Any CPU
		{92F3A017-923A-420B-8238-9664501250CE}.Debug|iPhoneSimulator.ActiveCfg = Debug|Any CPU
		{92F3A017-923A-420B-8238-9664501250CE}.Debug|iPhoneSimulator.Build.0 = Debug|Any CPU
		{92F3A017-923A-420B-8238-9664501250CE}.Debug|iPhoneSimulator.Deploy.0 = Debug|Any CPU
		{92F3A017-923A-420B-8238-9664501250CE}.Debug|x64.ActiveCfg = Debug|Any CPU
		{92F3A017-923A-420B-8238-9664501250CE}.Debug|x64.Build.0 = Debug|Any CPU
		{92F3A017-923A-420B-8238-9664501250CE}.Debug|x64.Deploy.0 = Debug|Any CPU
		{92F3A017-923A-420B-8238-9664501250CE}.Debug|x86.ActiveCfg = Debug|Any CPU
		{92F3A017-923A-420B-8238-9664501250CE}.Debug|x86.Build.0 = Debug|Any CPU
		{92F3A017-923A-420B-8238-9664501250CE}.Debug|x86.Deploy.0 = Debug|Any CPU
		{92F3A017-923A-420B-8238-9664501250CE}.Release|Any CPU.ActiveCfg = Release|Any CPU
		{92F3A017-923A-420B-8238-9664501250CE}.Release|Any CPU.Build.0 = Release|Any CPU
		{92F3A017-923A-420B-8238-9664501250CE}.Release|Any CPU.Deploy.0 = Release|Any CPU
		{92F3A017-923A-420B-8238-9664501250CE}.Release|ARM.ActiveCfg = Release|Any CPU
		{92F3A017-923A-420B-8238-9664501250CE}.Release|ARM.Build.0 = Release|Any CPU
		{92F3A017-923A-420B-8238-9664501250CE}.Release|ARM.Deploy.0 = Release|Any CPU
		{92F3A017-923A-420B-8238-9664501250CE}.Release|ARM64.ActiveCfg = Release|Any CPU
		{92F3A017-923A-420B-8238-9664501250CE}.Release|ARM64.Build.0 = Release|Any CPU
		{92F3A017-923A-420B-8238-9664501250CE}.Release|ARM64.Deploy.0 = Release|Any CPU
		{92F3A017-923A-420B-8238-9664501250CE}.Release|iPhone.ActiveCfg = Release|Any CPU
		{92F3A017-923A-420B-8238-9664501250CE}.Release|iPhone.Build.0 = Release|Any CPU
		{92F3A017-923A-420B-8238-9664501250CE}.Release|iPhone.Deploy.0 = Release|Any CPU
		{92F3A017-923A-420B-8238-9664501250CE}.Release|iPhoneSimulator.ActiveCfg = Release|Any CPU
		{92F3A017-923A-420B-8238-9664501250CE}.Release|iPhoneSimulator.Build.0 = Release|Any CPU
		{92F3A017-923A-420B-8238-9664501250CE}.Release|iPhoneSimulator.Deploy.0 = Release|Any CPU
		{92F3A017-923A-420B-8238-9664501250CE}.Release|x64.ActiveCfg = Release|Any CPU
		{92F3A017-923A-420B-8238-9664501250CE}.Release|x64.Build.0 = Release|Any CPU
		{92F3A017-923A-420B-8238-9664501250CE}.Release|x64.Deploy.0 = Release|Any CPU
		{92F3A017-923A-420B-8238-9664501250CE}.Release|x86.ActiveCfg = Release|Any CPU
		{92F3A017-923A-420B-8238-9664501250CE}.Release|x86.Build.0 = Release|Any CPU
		{92F3A017-923A-420B-8238-9664501250CE}.Release|x86.Deploy.0 = Release|Any CPU
		{E4C9B09A-B5EB-4757-9891-C2710CCB74FB}.Debug|Any CPU.ActiveCfg = Debug|iPhoneSimulator
		{E4C9B09A-B5EB-4757-9891-C2710CCB74FB}.Debug|ARM.ActiveCfg = Debug|iPhoneSimulator
		{E4C9B09A-B5EB-4757-9891-C2710CCB74FB}.Debug|ARM64.ActiveCfg = Debug|iPhoneSimulator
		{E4C9B09A-B5EB-4757-9891-C2710CCB74FB}.Debug|iPhone.ActiveCfg = Debug|iPhone
		{E4C9B09A-B5EB-4757-9891-C2710CCB74FB}.Debug|iPhone.Build.0 = Debug|iPhone
		{E4C9B09A-B5EB-4757-9891-C2710CCB74FB}.Debug|iPhoneSimulator.ActiveCfg = Debug|iPhoneSimulator
		{E4C9B09A-B5EB-4757-9891-C2710CCB74FB}.Debug|iPhoneSimulator.Build.0 = Debug|iPhoneSimulator
		{E4C9B09A-B5EB-4757-9891-C2710CCB74FB}.Debug|x64.ActiveCfg = Debug|iPhoneSimulator
		{E4C9B09A-B5EB-4757-9891-C2710CCB74FB}.Debug|x86.ActiveCfg = Debug|iPhoneSimulator
		{E4C9B09A-B5EB-4757-9891-C2710CCB74FB}.Release|Any CPU.ActiveCfg = Release|iPhoneSimulator
		{E4C9B09A-B5EB-4757-9891-C2710CCB74FB}.Release|ARM.ActiveCfg = Release|iPhoneSimulator
		{E4C9B09A-B5EB-4757-9891-C2710CCB74FB}.Release|ARM64.ActiveCfg = Release|iPhoneSimulator
		{E4C9B09A-B5EB-4757-9891-C2710CCB74FB}.Release|iPhone.ActiveCfg = Release|iPhone
		{E4C9B09A-B5EB-4757-9891-C2710CCB74FB}.Release|iPhone.Build.0 = Release|iPhone
		{E4C9B09A-B5EB-4757-9891-C2710CCB74FB}.Release|iPhoneSimulator.ActiveCfg = Release|iPhoneSimulator
		{E4C9B09A-B5EB-4757-9891-C2710CCB74FB}.Release|iPhoneSimulator.Build.0 = Release|iPhoneSimulator
		{E4C9B09A-B5EB-4757-9891-C2710CCB74FB}.Release|x64.ActiveCfg = Release|iPhoneSimulator
		{E4C9B09A-B5EB-4757-9891-C2710CCB74FB}.Release|x86.ActiveCfg = Release|iPhoneSimulator
		{03794053-8D38-45F9-BB12-19333D443FE3}.Debug|Any CPU.ActiveCfg = Debug|Any CPU
		{03794053-8D38-45F9-BB12-19333D443FE3}.Debug|Any CPU.Build.0 = Debug|Any CPU
		{03794053-8D38-45F9-BB12-19333D443FE3}.Debug|ARM.ActiveCfg = Debug|Any CPU
		{03794053-8D38-45F9-BB12-19333D443FE3}.Debug|ARM.Build.0 = Debug|Any CPU
		{03794053-8D38-45F9-BB12-19333D443FE3}.Debug|ARM64.ActiveCfg = Debug|Any CPU
		{03794053-8D38-45F9-BB12-19333D443FE3}.Debug|ARM64.Build.0 = Debug|Any CPU
		{03794053-8D38-45F9-BB12-19333D443FE3}.Debug|iPhone.ActiveCfg = Debug|Any CPU
		{03794053-8D38-45F9-BB12-19333D443FE3}.Debug|iPhone.Build.0 = Debug|Any CPU
		{03794053-8D38-45F9-BB12-19333D443FE3}.Debug|iPhoneSimulator.ActiveCfg = Debug|Any CPU
		{03794053-8D38-45F9-BB12-19333D443FE3}.Debug|iPhoneSimulator.Build.0 = Debug|Any CPU
		{03794053-8D38-45F9-BB12-19333D443FE3}.Debug|x64.ActiveCfg = Debug|Any CPU
		{03794053-8D38-45F9-BB12-19333D443FE3}.Debug|x64.Build.0 = Debug|Any CPU
		{03794053-8D38-45F9-BB12-19333D443FE3}.Debug|x86.ActiveCfg = Debug|Any CPU
		{03794053-8D38-45F9-BB12-19333D443FE3}.Debug|x86.Build.0 = Debug|Any CPU
		{03794053-8D38-45F9-BB12-19333D443FE3}.Release|Any CPU.ActiveCfg = Release|Any CPU
		{03794053-8D38-45F9-BB12-19333D443FE3}.Release|Any CPU.Build.0 = Release|Any CPU
		{03794053-8D38-45F9-BB12-19333D443FE3}.Release|ARM.ActiveCfg = Release|Any CPU
		{03794053-8D38-45F9-BB12-19333D443FE3}.Release|ARM.Build.0 = Release|Any CPU
		{03794053-8D38-45F9-BB12-19333D443FE3}.Release|ARM64.ActiveCfg = Release|Any CPU
		{03794053-8D38-45F9-BB12-19333D443FE3}.Release|ARM64.Build.0 = Release|Any CPU
		{03794053-8D38-45F9-BB12-19333D443FE3}.Release|iPhone.ActiveCfg = Release|Any CPU
		{03794053-8D38-45F9-BB12-19333D443FE3}.Release|iPhone.Build.0 = Release|Any CPU
		{03794053-8D38-45F9-BB12-19333D443FE3}.Release|iPhoneSimulator.ActiveCfg = Release|Any CPU
		{03794053-8D38-45F9-BB12-19333D443FE3}.Release|iPhoneSimulator.Build.0 = Release|Any CPU
		{03794053-8D38-45F9-BB12-19333D443FE3}.Release|x64.ActiveCfg = Release|Any CPU
		{03794053-8D38-45F9-BB12-19333D443FE3}.Release|x64.Build.0 = Release|Any CPU
		{03794053-8D38-45F9-BB12-19333D443FE3}.Release|x86.ActiveCfg = Release|Any CPU
		{03794053-8D38-45F9-BB12-19333D443FE3}.Release|x86.Build.0 = Release|Any CPU
	EndGlobalSection
	GlobalSection(SolutionProperties) = preSolution
		HideSolutionNode = FALSE
	EndGlobalSection
	GlobalSection(NestedProjects) = preSolution
		{95677B54-66FD-43A2-A62A-6A9E5331FC20} = {39C12C4F-0C9A-4DFF-B978-403B8D7DA003}
		{92F3A017-923A-420B-8238-9664501250CE} = {39C12C4F-0C9A-4DFF-B978-403B8D7DA003}
		{E4C9B09A-B5EB-4757-9891-C2710CCB74FB} = {39C12C4F-0C9A-4DFF-B978-403B8D7DA003}
	EndGlobalSection
	GlobalSection(ExtensibilityGlobals) = postSolution
		SolutionGuid = {F475761B-2E8B-4814-8D6A-41C84FDFBD9D}
	EndGlobalSection
EndGlobal
